{
    "_meta": {
        "hash": {
            "sha256": "fbb512bbce6823151b2613782da79c8ee753cf4921b75acb550f5cf330dc0a21"
        },
        "pipfile-spec": 6,
        "requires": {
            "python_version": "3.8"
        },
        "sources": [
            {
                "name": "pypi",
                "url": "https://pypi.org/simple",
                "verify_ssl": true
            }
        ]
    },
    "default": {
        "astor": {
            "hashes": [
                "sha256:070a54e890cefb5b3739d19f30f5a5ec840ffc9c50ffa7d23cc9fc1a38ebbfc5",
                "sha256:6a6effda93f4e1ce9f618779b2dd1d9d84f1e32812c23a29b3fff6fd7f63fa5e"
            ],
            "index": "pypi",
            "version": "==0.8.1"
        },
        "beautifulsoup4": {
            "hashes": [
                "sha256:05fd825eb01c290877657a56df4c6e4c311b3965bda790c613a3d6fb01a5462a",
                "sha256:9fbb4d6e48ecd30bcacc5b63b94088192dcda178513b2ae3c394229f8911b887",
                "sha256:e1505eeed31b0f4ce2dbb3bc8eb256c04cc2b3b72af7d551a4ab6efd5cbe5dae"
            ],
            "index": "pypi",
            "version": "==4.8.2"
        },
        "certifi": {
            "hashes": [
                "sha256:1a4995114262bffbc2413b159f2a1a480c969de6e6eb13ee966d470af86af59c",
                "sha256:719a74fb9e33b9bd44cc7f3a8d94bc35e4049deebe19ba7d8e108280cfd59830"
            ],
            "version": "==2020.12.5"
        },
        "cffi": {
            "hashes": [
                "sha256:005a36f41773e148deac64b08f233873a4d0c18b053d37da83f6af4d9087b813",
                "sha256:0857f0ae312d855239a55c81ef453ee8fd24136eaba8e87a2eceba644c0d4c06",
                "sha256:1071534bbbf8cbb31b498d5d9db0f274f2f7a865adca4ae429e147ba40f73dea",
                "sha256:158d0d15119b4b7ff6b926536763dc0714313aa59e320ddf787502c70c4d4bee",
                "sha256:1f436816fc868b098b0d63b8920de7d208c90a67212546d02f84fe78a9c26396",
                "sha256:2894f2df484ff56d717bead0a5c2abb6b9d2bf26d6960c4604d5c48bbc30ee73",
                "sha256:29314480e958fd8aab22e4a58b355b629c59bf5f2ac2492b61e3dc06d8c7a315",
                "sha256:34eff4b97f3d982fb93e2831e6750127d1355a923ebaeeb565407b3d2f8d41a1",
                "sha256:35f27e6eb43380fa080dccf676dece30bef72e4a67617ffda586641cd4508d49",
                "sha256:3d3dd4c9e559eb172ecf00a2a7517e97d1e96de2a5e610bd9b68cea3925b4892",
                "sha256:43e0b9d9e2c9e5d152946b9c5fe062c151614b262fda2e7b201204de0b99e482",
                "sha256:48e1c69bbacfc3d932221851b39d49e81567a4d4aac3b21258d9c24578280058",
                "sha256:51182f8927c5af975fece87b1b369f722c570fe169f9880764b1ee3bca8347b5",
                "sha256:58e3f59d583d413809d60779492342801d6e82fefb89c86a38e040c16883be53",
                "sha256:5de7970188bb46b7bf9858eb6890aad302577a5f6f75091fd7cdd3ef13ef3045",
                "sha256:65fa59693c62cf06e45ddbb822165394a288edce9e276647f0046e1ec26920f3",
                "sha256:69e395c24fc60aad6bb4fa7e583698ea6cc684648e1ffb7fe85e3c1ca131a7d5",
                "sha256:6c97d7350133666fbb5cf4abdc1178c812cb205dc6f41d174a7b0f18fb93337e",
                "sha256:6e4714cc64f474e4d6e37cfff31a814b509a35cb17de4fb1999907575684479c",
                "sha256:72d8d3ef52c208ee1c7b2e341f7d71c6fd3157138abf1a95166e6165dd5d4369",
                "sha256:8ae6299f6c68de06f136f1f9e69458eae58f1dacf10af5c17353eae03aa0d827",
                "sha256:8b198cec6c72df5289c05b05b8b0969819783f9418e0409865dac47288d2a053",
                "sha256:99cd03ae7988a93dd00bcd9d0b75e1f6c426063d6f03d2f90b89e29b25b82dfa",
                "sha256:9cf8022fb8d07a97c178b02327b284521c7708d7c71a9c9c355c178ac4bbd3d4",
                "sha256:9de2e279153a443c656f2defd67769e6d1e4163952b3c622dcea5b08a6405322",
                "sha256:9e93e79c2551ff263400e1e4be085a1210e12073a31c2011dbbda14bda0c6132",
                "sha256:9ff227395193126d82e60319a673a037d5de84633f11279e336f9c0f189ecc62",
                "sha256:a465da611f6fa124963b91bf432d960a555563efe4ed1cc403ba5077b15370aa",
                "sha256:ad17025d226ee5beec591b52800c11680fca3df50b8b29fe51d882576e039ee0",
                "sha256:afb29c1ba2e5a3736f1c301d9d0abe3ec8b86957d04ddfa9d7a6a42b9367e396",
                "sha256:b85eb46a81787c50650f2392b9b4ef23e1f126313b9e0e9013b35c15e4288e2e",
                "sha256:bb89f306e5da99f4d922728ddcd6f7fcebb3241fc40edebcb7284d7514741991",
                "sha256:cbde590d4faaa07c72bf979734738f328d239913ba3e043b1e98fe9a39f8b2b6",
                "sha256:cd2868886d547469123fadc46eac7ea5253ea7fcb139f12e1dfc2bbd406427d1",
                "sha256:d42b11d692e11b6634f7613ad8df5d6d5f8875f5d48939520d351007b3c13406",
                "sha256:f2d45f97ab6bb54753eab54fffe75aaf3de4ff2341c9daee1987ee1837636f1d",
                "sha256:fd78e5fee591709f32ef6edb9a015b4aa1a5022598e36227500c8f4e02328d9c"
            ],
            "version": "==1.14.5"
        },
        "chardet": {
            "hashes": [
                "sha256:84ab92ed1c4d4f16916e05906b6b75a6c0fb5db821cc65e70cbd64a3e2a5eaae",
                "sha256:fc323ffcaeaed0e0a02bf4d117757b98aed530d9ed4531e3e15460124c106691"
            ],
            "version": "==3.0.4"
        },
        "cryptography": {
            "hashes": [
                "sha256:066bc53f052dfeda2f2d7c195cf16fb3e5ff13e1b6b7415b468514b40b381a5b",
                "sha256:0923ba600d00718d63a3976f23cab19aef10c1765038945628cd9be047ad0336",
                "sha256:2d32223e5b0ee02943f32b19245b61a62db83a882f0e76cc564e1cec60d48f87",
                "sha256:4169a27b818de4a1860720108b55a2801f32b6ae79e7f99c00d79f2a2822eeb7",
                "sha256:57ad77d32917bc55299b16d3b996ffa42a1c73c6cfa829b14043c561288d2799",
                "sha256:5ecf2bcb34d17415e89b546dbb44e73080f747e504273e4d4987630493cded1b",
                "sha256:600cf9bfe75e96d965509a4c0b2b183f74a4fa6f5331dcb40fb7b77b7c2484df",
                "sha256:66b57a9ca4b3221d51b237094b0303843b914b7d5afd4349970bb26518e350b0",
                "sha256:93cfe5b7ff006de13e1e89830810ecbd014791b042cbe5eec253be11ac2b28f3",
                "sha256:9e98b452132963678e3ac6c73f7010fe53adf72209a32854d55690acac3f6724",
                "sha256:df186fcbf86dc1ce56305becb8434e4b6b7504bc724b71ad7a3239e0c9d14ef2",
                "sha256:fec7fb46b10da10d9e1d078d1ff8ed9e05ae14f431fdbd11145edd0550b9a964"
            ],
            "version": "==3.4.6"
        },
        "dnspython": {
            "hashes": [
                "sha256:36c5e8e38d4369a08b6780b7f27d790a292b2b08eea01607865bf0936c558e01",
                "sha256:f69c21288a962f4da86e56c4905b49d11aba7938d3d740e80d9e366ee4f1632d"
            ],
            "index": "pypi",
            "version": "==1.16.0"
        },
        "future": {
            "hashes": [
                "sha256:b1bead90b70cf6ec3f0710ae53a525360fa360d306a86583adc6bf83a4db537d"
            ],
            "version": "==0.18.2"
        },
        "idna": {
            "hashes": [
                "sha256:c357b3f628cf53ae2c4c05627ecc484553142ca23264e593d327bcde5e9c3407",
                "sha256:ea8b7f6188e6fa117537c3df7da9fc686d485087abf6ac197f9c46432f7e4a3c"
            ],
            "version": "==2.8"
        },
        "lxml": {
            "hashes": [
                "sha256:00ac0d64949fef6b3693813fe636a2d56d97a5a49b5bbb86e4cc4cc50ebc9ea2",
                "sha256:0571e607558665ed42e450d7bf0e2941d542c18e117b1ebbf0ba72f287ad841c",
                "sha256:0e3f04a7615fdac0be5e18b2406529521d6dbdb0167d2a690ee328bef7807487",
                "sha256:13cf89be53348d1c17b453867da68704802966c433b2bb4fa1f970daadd2ef70",
                "sha256:217262fcf6a4c2e1c7cb1efa08bd9ebc432502abc6c255c4abab611e8be0d14d",
                "sha256:223e544828f1955daaf4cefbb4853bc416b2ec3fd56d4f4204a8b17007c21250",
                "sha256:277cb61fede2f95b9c61912fefb3d43fbd5f18bf18a14fae4911b67984486f5d",
                "sha256:3213f753e8ae86c396e0e066866e64c6b04618e85c723b32ecb0909885211f74",
                "sha256:4690984a4dee1033da0af6df0b7a6bde83f74e1c0c870623797cec77964de34d",
                "sha256:4fcc472ef87f45c429d3b923b925704aa581f875d65bac80f8ab0c3296a63f78",
                "sha256:61409bd745a265a742f2693e4600e4dbd45cc1daebe1d5fad6fcb22912d44145",
                "sha256:678f1963f755c5d9f5f6968dded7b245dd1ece8cf53c1aa9d80e6734a8c7f41d",
                "sha256:6c6d03549d4e2734133badb9ab1c05d9f0ef4bcd31d83e5d2b4747c85cfa21da",
                "sha256:6e74d5f4d6ecd6942375c52ffcd35f4318a61a02328f6f1bd79fcb4ffedf969e",
                "sha256:7b4fc7b1ecc987ca7aaf3f4f0e71bbfbd81aaabf87002558f5bc95da3a865bcd",
                "sha256:7ed386a40e172ddf44c061ad74881d8622f791d9af0b6f5be20023029129bc85",
                "sha256:8f54f0924d12c47a382c600c880770b5ebfc96c9fd94cf6f6bdc21caf6163ea7",
                "sha256:ad9b81351fdc236bda538efa6879315448411a81186c836d4b80d6ca8217cdb9",
                "sha256:bbd00e21ea17f7bcc58dccd13869d68441b32899e89cf6cfa90d624a9198ce85",
                "sha256:c3c289762cc09735e2a8f8a49571d0e8b4f57ea831ea11558247b5bdea0ac4db",
                "sha256:cf4650942de5e5685ad308e22bcafbccfe37c54aa7c0e30cd620c2ee5c93d336",
                "sha256:cfcbc33c9c59c93776aa41ab02e55c288a042211708b72fdb518221cc803abc8",
                "sha256:e301055deadfedbd80cf94f2f65ff23126b232b0d1fea28f332ce58137bcdb18",
                "sha256:ebbfe24df7f7b5c6c7620702496b6419f6a9aa2fd7f005eb731cc80d7b4692b9",
                "sha256:eff69ddbf3ad86375c344339371168640951c302450c5d3e9936e98d6459db06",
                "sha256:f6ed60a62c5f1c44e789d2cf14009423cb1646b44a43e40a9cf6a21f077678a1"
            ],
            "index": "pypi",
            "version": "==4.4.2"
        },
        "nltk": {
            "hashes": [
                "sha256:bed45551259aa2101381bbdd5df37d44ca2669c5c3dad72439fa459b29137d94"
            ],
            "index": "pypi",
            "version": "==3.4.5"
        },
        "pycparser": {
            "hashes": [
                "sha256:2d475327684562c3a96cc71adf7dc8c4f0565175cf86b6d7a404ff4c771f15f0",
                "sha256:7582ad22678f0fcd81102833f60ef8d0e57288b6b5fb00323d101be910e35705"
            ],
            "version": "==2.20"
        },
        "pycurl": {
            "hashes": [
                "sha256:6f08330c5cf79fa8ef68b9912b9901db7ffd34b63e225dce74db56bb21deda8e"
            ],
            "index": "pypi",
            "version": "==7.43.0.3"
        },
        "pymongo": {
            "hashes": [
                "sha256:0369136c6e79c5edc16aa5de2b48a1b1c1fe5e6f7fc5915a2deaa98bd6e9dad5",
                "sha256:08364e1bea1507c516b18b826ec790cb90433aec2f235033ec5eecfd1011633b",
                "sha256:0af1d2bc8cc9503bf92ec3669a77ec3a6d7938193b583fb867b7e9696eed52e8",
                "sha256:0cfd1aeeb8c0a634646ab3ebeb4ce6828b94b2e33553a69ff7e6c07c250bf201",
                "sha256:1b4a13dff15641e58620524db15d7a323d60572b2b187261c5cb58c36d74778d",
                "sha256:22fbdb908257f9aaaa372a7684f3e094a05ca52eb84f8f381c8b1827c49556fd",
                "sha256:264272fd1c95fc48002ad85d5e41270831777b4180f2500943e45e12b2a3ab43",
                "sha256:3372e98eebbfd05ebf020388003f8a4438bed41e0fef1ef696d2c13633c416c8",
                "sha256:339d24ecdc42745d2dc09b26fda8151988e806ca81134a7bd10513c4031d91e1",
                "sha256:38281855fc3961ba5510fbb503b8d16cc1fcb326e9f7ba0dd096ed4eb72a7084",
                "sha256:4acdd2e16392472bfd49ca49038845c95e5254b5af862b55f7f2cc79aa258886",
                "sha256:4e0c006bc6e98e861b678432e05bf64ba3eb889b6ab7e7bf1ebaecf9f1ba0e58",
                "sha256:4e4284bcbe4b7be1b37f9641509085b715c478e7fbf8f820358362b5dd359379",
                "sha256:4e5e94a5f9823f0bd0c56012a57650bc6772636c29d83d253260c26b908fcfd9",
                "sha256:4e61f30800a40f1770b2ec56bbf5dc0f0e3f7e9250eb05fa4feb9ccb7bbe39ca",
                "sha256:53577cf57ba9d93b58ab41d45250277828ff83c5286dde14f855e4b17ec19976",
                "sha256:681cb31e8631882804a6cc3c8cc8f54a74ff3a82261a78e50f20c5eec05ac855",
                "sha256:6dfc2710f43dd1d66991a0f160d196356732ccc8aa9dbc6875aeba78388fa142",
                "sha256:72218201b13d8169be5736417987e9a0a3b10d4349e40e4db7a6a5ac670c7ef2",
                "sha256:7247fbcdbf7ab574eb70743461b3cfc14d9cfae3f27a9afb6ce14d87f67dd0b5",
                "sha256:72651f4b4adf50201891580506c8cca465d94d38f26ed92abfc56440662c723c",
                "sha256:87b3aaf12ad6a9b5570b12d2a4b8802757cb3588a903aafd3c25f07f9caf07e3",
                "sha256:87c28b7b37617c5a01eb396487f7d3b61a453e1fa0475a175ab87712d6f5d52f",
                "sha256:88efe627b628f36ef53f09abb218d4630f83d8ebde7028689439559475c43dae",
                "sha256:89bfbca22266f12df7fb80092b7c876734751d02b93789580b68957ad4a8bf56",
                "sha256:908a3caf348a672b28b8a06fe7b4a27c2fdcf7f873df671e4027d48bcd7f971f",
                "sha256:9128e7bea85f3a3041306fa14a7aa82a24b47881918500e1b8396dd1c933b5a6",
                "sha256:9737d6d688a15b8d5c0bfa909638b79261e195be817b9f1be79c722bbb23cd76",
                "sha256:98a8305da158f46e99e7e51db49a2f8b5fcdd7683ea7083988ccb9c4450507a6",
                "sha256:99285cd44c756f0900cbdb5fe75f567c0a76a273b7e0467f23cb76f47e60aac0",
                "sha256:9ed568f8026ffeb00ce31e5351e0d09d704cc19a29549ba4da0ac145d2a26fdf",
                "sha256:a006162035032021dfd00a879643dc06863dac275f9210d843278566c719eebc",
                "sha256:a03cb336bc8d25a11ff33b94967478a9775b0d2b23b39e952d9cc6cb93b75d69",
                "sha256:a863ceb67be163060d1099b7e89b6dd83d6dd50077c7ceae31ac844c4c2baff9",
                "sha256:b82628eaf0a16c1f50e1c205fd1dd406d7874037dd84643da89e91b5043b5e82",
                "sha256:bc6446a41fb7eeaf2c808bab961b9bac81db0f5de69eab74eebe1b8b072399f7",
                "sha256:c42d290ed54096355838421cf9d2a56e150cb533304d2439ef1adf612a986eaf",
                "sha256:c43879fe427ea6aa6e84dae9fbdc5aa14428a4cfe613fe0fee2cc004bf3f307c",
                "sha256:c566cbdd1863ba3ccf838656a1403c3c81fdb57cbe3fdd3515be7c9616763d33",
                "sha256:c5b7a0d7e6ca986de32b269b6dbbd5162c1a776ece72936f55decb4d1b197ee9",
                "sha256:ca109fe9f74da4930590bb589eb8fdf80e5d19f5cd9f337815cac9309bbd0a76",
                "sha256:d0260ba68f9bafd8775b2988b5aeace6e69a37593ec256e23e150c808160c05c",
                "sha256:d2ce33501149b373118fcfec88a292a87ef0b333fb30c7c6aac72fe64700bdf6",
                "sha256:d582ea8496e2a0e124e927a67dca55c8833f0dbfbc2c84aaf0e5949a2dd30c51",
                "sha256:d68b9ab0a900582a345fb279675b0ad4fac07d6a8c2678f12910d55083b7240d",
                "sha256:dbf1fa571db6006907aeaf6473580aaa76041f4f3cd1ff8a0039fd0f40b83f6d",
                "sha256:e032437a7d2b89dab880c79379d88059cee8019da0ff475d924c4ccab52db88f",
                "sha256:e0f5798f3ad60695465a093e3d002f609c41fef3dcb97fcefae355d24d3274cf",
                "sha256:e756355704a2cf91a7f4a649aa0bbf3bbd263018b9ed08f60198c262f4ee24b6",
                "sha256:e824b4b87bd88cbeb25c8babeadbbaaaf06f02bbb95a93462b7c6193a064974e",
                "sha256:ea1171470b52487152ed8bf27713cc2480dc8b0cd58e282a1bff742541efbfb8",
                "sha256:fa19aef44d5ed8f798a8136ff981aedfa508edac3b1bed481eca5dde5f14fd3d",
                "sha256:fceb6ae5a149a42766efb8344b0df6cfb21b55c55f360170abaddb11d43af0f1"
            ],
            "index": "pypi",
            "version": "==3.10.0"
        },
        "python-magic": {
            "hashes": [
                "sha256:f2674dcfad52ae6c49d4803fa027809540b130db1dec928cfbb9240316831375",
                "sha256:f3765c0f582d2dfc72c15f3b5a82aecfae9498bd29ca840d72f37d7bd38bfcd5"
            ],
            "index": "pypi",
            "version": "==0.4.15"
        },
        "python-telegram-bot": {
            "hashes": [
                "sha256:346d42771c2b23384c59f5f41e05bd7e801a0ce118d8dcb95209bb73d5f694c5",
                "sha256:3beee89cba3bc3217566c96199f04776dd25f541ac8992da27fd247b2d208a14"
            ],
            "index": "pypi",
            "version": "==12.2.0"
        },
        "requests": {
            "hashes": [
                "sha256:11e007a8a2aa0323f5a921e9e6a2d7e4e67d9877e85773fba9ba6419025cbeb4",
                "sha256:9cf5292fcd0f598c671cfc1e0d7d1a7f13bb8085e9a590f48c010551dc6c4b31"
            ],
            "index": "pypi",
            "version": "==2.22.0"
        },
        "six": {
            "hashes": [
                "sha256:30639c035cdb23534cd4aa2dd52c3bf48f06e5f4a941509c8bafd8ce11080259",
                "sha256:8b74bedcbbbaca38ff6d7491d76f2b06b3592611af620f8426e82dddb04a5ced"
            ],
            "version": "==1.15.0"
        },
        "soupsieve": {
            "hashes": [
                "sha256:052774848f448cf19c7e959adf5566904d525f33a3f8b6ba6f6f8f26ec7de0cc",
                "sha256:c2c1c2d44f158cdbddab7824a9af8c4f83c76b1e23e049479aa432feb6c4c23b"
            ],
            "version": "==2.2.1"
        },
        "tornado": {
            "hashes": [
                "sha256:0a00ff4561e2929a2c37ce706cb8233b7907e0cdc22eab98888aca5dd3775feb",
                "sha256:0d321a39c36e5f2c4ff12b4ed58d41390460f798422c4504e09eb5678e09998c",
                "sha256:1e8225a1070cd8eec59a996c43229fe8f95689cb16e552d130b9793cb570a288",
                "sha256:20241b3cb4f425e971cb0a8e4ffc9b0a861530ae3c52f2b0434e6c1b57e9fd95",
                "sha256:25ad220258349a12ae87ede08a7b04aca51237721f63b1808d39bdb4b2164558",
                "sha256:33892118b165401f291070100d6d09359ca74addda679b60390b09f8ef325ffe",
                "sha256:33c6e81d7bd55b468d2e793517c909b139960b6c790a60b7991b9b6b76fb9791",
                "sha256:3447475585bae2e77ecb832fc0300c3695516a47d46cefa0528181a34c5b9d3d",
                "sha256:34ca2dac9e4d7afb0bed4677512e36a52f09caa6fded70b4e3e1c89dbd92c326",
                "sha256:3e63498f680547ed24d2c71e6497f24bca791aca2fe116dbc2bd0ac7f191691b",
                "sha256:548430be2740e327b3fe0201abe471f314741efcb0067ec4f2d7dcfb4825f3e4",
                "sha256:6196a5c39286cc37c024cd78834fb9345e464525d8991c21e908cc046d1cc02c",
                "sha256:61b32d06ae8a036a6607805e6720ef00a3c98207038444ba7fd3d169cd998910",
                "sha256:6286efab1ed6e74b7028327365cf7346b1d777d63ab30e21a0f4d5b275fc17d5",
                "sha256:65d98939f1a2e74b58839f8c4dab3b6b3c1ce84972ae712be02845e65391ac7c",
                "sha256:66324e4e1beede9ac79e60f88de548da58b1f8ab4b2f1354d8375774f997e6c0",
                "sha256:6c77c9937962577a6a76917845d06af6ab9197702a42e1346d8ae2e76b5e3675",
                "sha256:70dec29e8ac485dbf57481baee40781c63e381bebea080991893cd297742b8fd",
                "sha256:7250a3fa399f08ec9cb3f7b1b987955d17e044f1ade821b32e5f435130250d7f",
                "sha256:748290bf9112b581c525e6e6d3820621ff020ed95af6f17fedef416b27ed564c",
                "sha256:7da13da6f985aab7f6f28debab00c67ff9cbacd588e8477034c0652ac141feea",
                "sha256:8f959b26f2634a091bb42241c3ed8d3cedb506e7c27b8dd5c7b9f745318ddbb6",
                "sha256:9de9e5188a782be6b1ce866e8a51bc76a0fbaa0e16613823fc38e4fc2556ad05",
                "sha256:a48900ecea1cbb71b8c71c620dee15b62f85f7c14189bdeee54966fbd9a0c5bd",
                "sha256:b87936fd2c317b6ee08a5741ea06b9d11a6074ef4cc42e031bc6403f82a32575",
                "sha256:c77da1263aa361938476f04c4b6c8916001b90b2c2fdd92d8d535e1af48fba5a",
                "sha256:cb5ec8eead331e3bb4ce8066cf06d2dfef1bfb1b2a73082dfe8a161301b76e37",
                "sha256:cc0ee35043162abbf717b7df924597ade8e5395e7b66d18270116f8745ceb795",
                "sha256:d14d30e7f46a0476efb0deb5b61343b1526f73ebb5ed84f23dc794bdb88f9d9f",
                "sha256:d371e811d6b156d82aa5f9a4e08b58debf97c302a35714f6f45e35139c332e32",
                "sha256:d3d20ea5782ba63ed13bc2b8c291a053c8d807a8fa927d941bd718468f7b950c",
                "sha256:d3f7594930c423fd9f5d1a76bee85a2c36fd8b4b16921cae7e965f22575e9c01",
                "sha256:dcef026f608f678c118779cd6591c8af6e9b4155c44e0d1bc0c87c036fb8c8c4",
                "sha256:e0791ac58d91ac58f694d8d2957884df8e4e2f6687cdf367ef7eb7497f79eaa2",
                "sha256:e385b637ac3acaae8022e7e47dfa7b83d3620e432e3ecb9a3f7f58f150e50921",
                "sha256:e519d64089b0876c7b467274468709dadf11e41d65f63bba207e04217f47c085",
                "sha256:e7229e60ac41a1202444497ddde70a48d33909e484f96eb0da9baf8dc68541df",
                "sha256:ed3ad863b1b40cd1d4bd21e7498329ccaece75db5a5bf58cd3c9f130843e7102",
                "sha256:f0ba29bafd8e7e22920567ce0d232c26d4d47c8b5cf4ed7b562b5db39fa199c5",
                "sha256:fa2ba70284fa42c2a5ecb35e322e68823288a4251f9ba9cc77be04ae15eada68",
                "sha256:fba85b6cd9c39be262fcd23865652920832b61583de2a2ca907dbd8e8a8c81e5"
            ],
            "version": "==6.1"
        },
        "urllib3": {
            "hashes": [
                "sha256:8d7eaa5a82a1cac232164990f04874c594c9453ec55eef02eab885aa02fc17a2",
                "sha256:f5321fbe4bf3fefa0efd0bfe7fb14e90909eb62a48ccda331726b4319897dd5e"
            ],
            "version": "==1.25.11"
        },
        "xxhash": {
            "hashes": [
                "sha256:06d3350a7586cf4938c5941c3744ab7f633204acb3c4c3d96f694fb0ee8d1bcc",
                "sha256:100a97c2ea069f1f03107d1a6894094fa59fb17707bc779e0e127597cac956f9",
                "sha256:1cdd06fa8cd9a0238b6deed08ac21455d45cda7c92665356093f36bec1707a71",
                "sha256:1d6e4f9c1a8db495f256932c21a321388ac351503525503f587304fef24b60ff",
                "sha256:203ba0c2df5bd9a6990dd8521b0d5b03cf7bebac0790cc740c18e61f0aeccc89",
                "sha256:217dfbbebeeb84523577410dbb5ae04b86aadec705f074006a329c039684d4f6",
                "sha256:2e17e1c9970b8cd6cf80eab92dd4b45b482d90b6b7b1d55d7904ff5858952408",
                "sha256:2f7930f70db5bc36415ac13d7b8f4605c50b03f03f13d482b0df110f2a6249e0",
                "sha256:37531a8518683594ba05030065f5e8a0f27d49febfe7cd43ad605317677fd314",
                "sha256:431051a97c72f8b06b62e26a0f11364a67379825eb650850428611120d102c0c",
                "sha256:449f22427435e046430a0f6b72bd87acf6e414205e8038dd6c8bf91466438452",
                "sha256:4afcdfe638f49f82a6f24373f85c811cafff32438fbdaedfd540bf1d44ff5b81",
                "sha256:507cb7dfd4eba033987b812333705b64ba484a0ac1cec3225dfb155935f80f4f",
                "sha256:511e59c0a07c05565ecd10184c9a1fccd1d8be31f37b21b733ab7d049510c825",
                "sha256:54e005dbd92f220362556df74b3f6898d3a04a6ad734dd47f70849cab99d0702",
                "sha256:54eb964b79bd2409872425b3bfd6c42755dd4586cd1fdbb2ffc1075327df9a14",
                "sha256:555c923477a05d560ba1ec81de215c64a22cc2bc4c1d5c9f739523e6f3f3736d",
                "sha256:749967f82721639404f5ef6d985d5a0971e12abc6a8f55bfd4b30bad89020d7e",
                "sha256:7b656261429d752709d5025b3f2099c2ab383e18e7084fb6bd7534259f0b718d",
                "sha256:86838d6fad9ec3719cb292f41d81c7f0115946be17acfc58e9aad252346baa56",
                "sha256:8b6b1afe7731d7d9cbb0398b4a811ebb5e6be5c174f72c68abf81f919a435de9",
                "sha256:8c4c70bf607811a17ecbd91b7cea85b54064c3d950019e4d2d7e3d0ae4d0bef8",
                "sha256:97d11269b08268fde1db033ff1cf1d165e6f9322a38b37a11fc96b5b20a83c5e",
                "sha256:9bbc63663b6ed704b051bfdc9f4ba45c97b38ef42786a41a49f55cdadcbe6085",
                "sha256:9fbd9ae4b51c8b4a49562983e5413e0b757601bafee59ee8c9cdfeb8b9cb07cf",
                "sha256:a10712d0cbf7fff9def2ea194291bfcfc5891be11b2ce243bcbc3a3bc009f8e6",
                "sha256:a98347a9985b27f814cf978400fe2dcecf155f986d60b1752176f964212d0880",
                "sha256:b2acce56c5b9fd8f8b0ac1c4f451c7b883f17c8e9a0e33a9ec5c280d4f7937f8",
                "sha256:bd006bf01fa7f267eab4ede198d828face8ba5457c47271adea1120947c7f0e1",
                "sha256:bf2ffb29906afa4c6b0520b68bf521ad15254e0e409e849250c209a3cac8c23f",
                "sha256:cf4909947d9e9244ad38adec49291ddc8338157fef70df651bc8255168c07767",
                "sha256:d5a2c3922dea3ed2dab17e1748620f0edfa3748bf287f12df5ef997bbf7a0978",
                "sha256:d9cd8c83a0473cd16b91e598fc1497cc6c03430320598c16adf7468eeb146c76",
                "sha256:dad68b19e1a5c51bf72329b3f95e50465fd10f85e87bb104f435511ad0cddbf5",
                "sha256:dd25dc975bda87983c0c4dbc65b0cf4724a0aed6d299485ce42051cbb20b7b0c",
                "sha256:dd38149723aa982d43e09a05a20bd213097faf80245ea9975f84caf3bdb8d3c6",
                "sha256:ddf0c922b832e59bb503ef5962e3aba55e63114d6deb46021c319b626cb4fad1",
                "sha256:e4e2b96fcc14be4477ee1d4d60c86efe70cd3326724de427c6915113e8f4cda3",
                "sha256:e8084f19e7e9cbb91ae8f8b9cd1a2a237cabeae7287e8996573527dec9d34089",
                "sha256:f09f8c90494870b60df554196c3ff8531dfcf74ab1a69e7946079e8e73ab0881"
            ],
            "index": "pypi",
            "version": "==1.4.3"
        }
    },
    "develop": {
        "autopep8": {
            "hashes": [
                "sha256:4d8eec30cc81bc5617dbf1218201d770dc35629363547f17577c61683ccfb3ee"
            ],
            "index": "pypi",
            "version": "==1.4.4"
        },
        "click": {
            "hashes": [
                "sha256:d2b5255c7c6349bc1bd1e59e08cd12acbbd63ce649f2588755783aa94dfb6b1a",
                "sha256:dacca89f4bfadd5de3d7489b7c8a566eee0d3676333fbb50030263894c38c0dc"
            ],
            "version": "==7.1.2"
        },
        "flask": {
            "hashes": [
                "sha256:13f9f196f330c7c2c5d7a5cf91af894110ca0215ac051b5844701f2bfd934d52",
                "sha256:45eb5a6fd193d6cf7e0cf5d8a5b31f83d5faae0293695626f539a823e93b13f6"
            ],
            "index": "pypi",
            "version": "==1.1.1"
        },
        "itsdangerous": {
            "hashes": [
                "sha256:321b033d07f2a4136d3ec762eac9f16a10ccd60f53c0c91af90217ace7ba1f19",
                "sha256:b12271b2047cb23eeb98c8b5622e2e5c5e9abd9784a153e9d8ef9cb4dd09d749"
            ],
            "version": "==1.1.0"
        },
        "jinja2": {
            "hashes": [
                "sha256:03e47ad063331dd6a3f04a43eddca8a966a26ba0c5b7207a9a9e4e08f1b29419",
                "sha256:a6d58433de0ae800347cab1fa3043cebbabe8baa9d29e668f1c768cb87a333c6"
            ],
            "index": "pypi",
            "version": "==2.11.3"
        },
        "markupsafe": {
            "hashes": [
                "sha256:00bc623926325b26bb9605ae9eae8a215691f33cae5df11ca5424f06f2d1f473",
                "sha256:09027a7803a62ca78792ad89403b1b7a73a01c8cb65909cd876f7fcebd79b161",
                "sha256:09c4b7f37d6c648cb13f9230d847adf22f8171b1ccc4d5682398e77f40309235",
                "sha256:1027c282dad077d0bae18be6794e6b6b8c91d58ed8a8d89a89d59693b9131db5",
                "sha256:13d3144e1e340870b25e7b10b98d779608c02016d5184cfb9927a9f10c689f42",
                "sha256:195d7d2c4fbb0ee8139a6cf67194f3973a6b3042d742ebe0a9ed36d8b6f0c07f",
                "sha256:22c178a091fc6630d0d045bdb5992d2dfe14e3259760e713c490da5323866c39",
                "sha256:24982cc2533820871eba85ba648cd53d8623687ff11cbb805be4ff7b4c971aff",
                "sha256:29872e92839765e546828bb7754a68c418d927cd064fd4708fab9fe9c8bb116b",
                "sha256:2beec1e0de6924ea551859edb9e7679da6e4870d32cb766240ce17e0a0ba2014",
                "sha256:3b8a6499709d29c2e2399569d96719a1b21dcd94410a586a18526b143ec8470f",
                "sha256:43a55c2930bbc139570ac2452adf3d70cdbb3cfe5912c71cdce1c2c6bbd9c5d1",
                "sha256:46c99d2de99945ec5cb54f23c8cd5689f6d7177305ebff350a58ce5f8de1669e",
                "sha256:500d4957e52ddc3351cabf489e79c91c17f6e0899158447047588650b5e69183",
                "sha256:535f6fc4d397c1563d08b88e485c3496cf5784e927af890fb3c3aac7f933ec66",
                "sha256:596510de112c685489095da617b5bcbbac7dd6384aeebeda4df6025d0256a81b",
                "sha256:62fe6c95e3ec8a7fad637b7f3d372c15ec1caa01ab47926cfdf7a75b40e0eac1",
                "sha256:6788b695d50a51edb699cb55e35487e430fa21f1ed838122d722e0ff0ac5ba15",
                "sha256:6dd73240d2af64df90aa7c4e7481e23825ea70af4b4922f8ede5b9e35f78a3b1",
                "sha256:6f1e273a344928347c1290119b493a1f0303c52f5a5eae5f16d74f48c15d4a85",
                "sha256:6fffc775d90dcc9aed1b89219549b329a9250d918fd0b8fa8d93d154918422e1",
                "sha256:717ba8fe3ae9cc0006d7c451f0bb265ee07739daf76355d06366154ee68d221e",
                "sha256:79855e1c5b8da654cf486b830bd42c06e8780cea587384cf6545b7d9ac013a0b",
                "sha256:7c1699dfe0cf8ff607dbdcc1e9b9af1755371f92a68f706051cc8c37d447c905",
                "sha256:7fed13866cf14bba33e7176717346713881f56d9d2bcebab207f7a036f41b850",
                "sha256:84dee80c15f1b560d55bcfe6d47b27d070b4681c699c572af2e3c7cc90a3b8e0",
                "sha256:88e5fcfb52ee7b911e8bb6d6aa2fd21fbecc674eadd44118a9cc3863f938e735",
                "sha256:8defac2f2ccd6805ebf65f5eeb132adcf2ab57aa11fdf4c0dd5169a004710e7d",
                "sha256:98bae9582248d6cf62321dcb52aaf5d9adf0bad3b40582925ef7c7f0ed85fceb",
                "sha256:98c7086708b163d425c67c7a91bad6e466bb99d797aa64f965e9d25c12111a5e",
                "sha256:9add70b36c5666a2ed02b43b335fe19002ee5235efd4b8a89bfcf9005bebac0d",
                "sha256:9bf40443012702a1d2070043cb6291650a0841ece432556f784f004937f0f32c",
                "sha256:a6a744282b7718a2a62d2ed9d993cad6f5f585605ad352c11de459f4108df0a1",
                "sha256:acf08ac40292838b3cbbb06cfe9b2cb9ec78fce8baca31ddb87aaac2e2dc3bc2",
                "sha256:ade5e387d2ad0d7ebf59146cc00c8044acbd863725f887353a10df825fc8ae21",
                "sha256:b00c1de48212e4cc9603895652c5c410df699856a2853135b3967591e4beebc2",
                "sha256:b1282f8c00509d99fef04d8ba936b156d419be841854fe901d8ae224c59f0be5",
                "sha256:b1dba4527182c95a0db8b6060cc98ac49b9e2f5e64320e2b56e47cb2831978c7",
                "sha256:b2051432115498d3562c084a49bba65d97cf251f5a331c64a12ee7e04dacc51b",
                "sha256:b7d644ddb4dbd407d31ffb699f1d140bc35478da613b441c582aeb7c43838dd8",
                "sha256:ba59edeaa2fc6114428f1637ffff42da1e311e29382d81b339c1817d37ec93c6",
                "sha256:bf5aa3cbcfdf57fa2ee9cd1822c862ef23037f5c832ad09cfea57fa846dec193",
                "sha256:c8716a48d94b06bb3b2524c2b77e055fb313aeb4ea620c8dd03a105574ba704f",
                "sha256:caabedc8323f1e93231b52fc32bdcde6db817623d33e100708d9a68e1f53b26b",
                "sha256:cd5df75523866410809ca100dc9681e301e3c27567cf498077e8551b6d20e42f",
                "sha256:cdb132fc825c38e1aeec2c8aa9338310d29d337bebbd7baa06889d09a60a1fa2",
                "sha256:d53bc011414228441014aa71dbec320c66468c1030aae3a6e29778a3382d96e5",
                "sha256:d73a845f227b0bfe8a7455ee623525ee656a9e2e749e4742706d80a6065d5e2c",
                "sha256:d9be0ba6c527163cbed5e0857c451fcd092ce83947944d6c14bc95441203f032",
                "sha256:e249096428b3ae81b08327a63a485ad0878de3fb939049038579ac0ef61e17e7",
                "sha256:e8313f01ba26fbbe36c7be1966a7b7424942f670f38e666995b88d012765b9be",
                "sha256:feb7b34d6325451ef96bc0e36e1a6c0c1c64bc1fbec4b854f4529e51887b1621"
            ],
            "version": "==1.1.1"
        },
        "pycodestyle": {
            "hashes": [
                "sha256:514f76d918fcc0b55c6680472f0a37970994e07bbb80725808c17089be302068",
                "sha256:c389c1d06bf7904078ca03399a4816f974a1d590090fecea0c63ec26ebaf1cef"
            ],
            "version": "==2.7.0"
        },
        "werkzeug": {
            "hashes": [
                "sha256:2de2a5db0baeae7b2d2664949077c2ac63fbd16d98da0ff71837f7d1dea3fd43",
                "sha256:6c80b1e5ad3665290ea39320b91e1be1e0d5f60652b964a3070216de83d2e47c"
            ],
            "version": "==1.0.1"
        }
    }
}
